
Microsoft Visual Studio Solution File, Format Version 12.00
# Visual Studio 15
VisualStudioVersion = 15.0.28307.421
MinimumVisualStudioVersion = 10.0.40219.1
Project("{FAE04EC0-301F-11D3-BF4B-00C04F79EFBC}") = "NTree", "NTree\NTree.csproj", "{60BE897F-4C75-4357-9606-262F0B9EFB66}"
EndProject
Project("{FAE04EC0-301F-11D3-BF4B-00C04F79EFBC}") = "UTest", "UTest\UTest.csproj", "{7A404BA3-02D6-402C-B306-D812E4D56C62}"
EndProject
Global
	GlobalSection(SolutionConfigurationPlatforms) = preSolution
		Debug|Any CPU = Debug|Any CPU
		Release|Any CPU = Release|Any CPU
	EndGlobalSection
	GlobalSection(ProjectConfigurationPlatforms) = postSolution
		{60BE897F-4C75-4357-9606-262F0B9EFB66}.Debug|Any CPU.ActiveCfg = Debug|Any CPU
		{60BE897F-4C75-4357-9606-262F0B9EFB66}.Debug|Any CPU.Build.0 = Debug|Any CPU
		{60BE897F-4C75-4357-9606-262F0B9EFB66}.Release|Any CPU.ActiveCfg = Release|Any CPU
		{60BE897F-4C75-4357-9606-262F0B9EFB66}.Release|Any CPU.Build.0 = Release|Any CPU
		{7A404BA3-02D6-402C-B306-D812E4D56C62}.Debug|Any CPU.ActiveCfg = Debug|Any CPU
		{7A404BA3-02D6-402C-B306-D812E4D56C62}.Debug|Any CPU.Build.0 = Debug|Any CPU
		{7A404BA3-02D6-402C-B306-D812E4D56C62}.Release|Any CPU.ActiveCfg = Release|Any CPU
		{7A404BA3-02D6-402C-B306-D812E4D56C62}.Release|Any CPU.Build.0 = Release|Any CPU
	EndGlobalSection
	GlobalSection(SolutionProperties) = preSolution
		HideSolutionNode = FALSE
	EndGlobalSection
	GlobalSection(ExtensibilityGlobals) = postSolution
		SolutionGuid = {41AA4F2D-4239-4823-9D23-03781C28C63A}
	EndGlobalSection
EndGlobal
